{
  "name": "extended-dom",
  "version": "1.2.33",
  "lockfileVersion": 1,
  "requires": true,
  "dependencies": {
    "@types/node": {
      "version": "12.6.9",
      "resolved": "https://registry.npmjs.org/@types/node/-/node-12.6.9.tgz",
      "integrity": "sha512-+YB9FtyxXGyD54p8rXwWaN1EWEyar5L58GlGWgtH2I9rGmLGBQcw63+0jw+ujqVavNuO47S1ByAjm9zdHMnskw==",
      "dev": true
    },
    "bezier-easing": {
      "version": "2.1.0",
      "resolved": "https://registry.npmjs.org/bezier-easing/-/bezier-easing-2.1.0.tgz",
      "integrity": "sha1-wE3+i5JtbsrKGBPWn/F5t8ICXYY="
    },
    "dash-camelcase": {
      "version": "1.0.1",
      "resolved": "https://registry.npmjs.org/dash-camelcase/-/dash-camelcase-1.0.1.tgz",
      "integrity": "sha512-wLb3LddXJrkbSLkr06o4D8S7BgSnIjCxDI5EJmUdW8hl0NTrFxKKFdUgt9XjbTjlQ10tgEpQEQb5JV7RGafbbw==",
      "requires": {
        "typescript": "^3.6.3"
      },
      "dependencies": {
        "typescript": {
          "version": "3.6.4",
          "resolved": "https://registry.npmjs.org/typescript/-/typescript-3.6.4.tgz",
          "integrity": "sha512-unoCll1+l+YK4i4F8f22TaNVPRHcD9PA3yCuZ8g5e0qGqlVlJ/8FSateOLLSagn+Yg5+ZwuPkL8LFUc0Jcvksg=="
        }
      }
    },
    "decompose-dommatrix": {
      "version": "1.1.0",
      "resolved": "https://registry.npmjs.org/decompose-dommatrix/-/decompose-dommatrix-1.1.0.tgz",
      "integrity": "sha512-o9mPIU+CRfmh4UgVKRPQRrRnbzshgNuR2mRx5uHvTVDHF4CkUgKn55XEznLHjExwCfpqSNsg8Kxt73n2bSTs7A=="
    },
    "front-db": {
      "version": "1.1.3",
      "resolved": "https://registry.npmjs.org/front-db/-/front-db-1.1.3.tgz",
      "integrity": "sha512-Q25X3SLdKMRtQhKCJeiZdaymFWSTWT97CDD7Bfud5689a7+oJyTJcO0MSmQb2nwux7nLokUGXcLtqaatTRE1Cg==",
      "requires": {
        "xrray": "^4.0.4"
      }
    },
    "resize-observer-polyfill": {
      "version": "1.5.1",
      "resolved": "https://registry.npmjs.org/resize-observer-polyfill/-/resize-observer-polyfill-1.5.1.tgz",
      "integrity": "sha512-LwZrotdHOo12nQuZlHEmtuXdqGoOD0OhaxopaNFxWzInpEgaLWoVuAMbTzixuosCx2nEG58ngzW3vxdWoxIgdg=="
    },
    "typescript": {
      "version": "3.5.3",
      "resolved": "https://registry.npmjs.org/typescript/-/typescript-3.5.3.tgz",
      "integrity": "sha512-ACzBtm/PhXBDId6a6sDJfroT2pOWt/oOnk4/dElG5G33ZL776N3Y6/6bKZJBFpd+b05F3Ct9qDjMeJmRWtE2/g==",
      "dev": true
    },
    "web-animations-js": {
      "version": "2.3.2",
      "resolved": "https://registry.npmjs.org/web-animations-js/-/web-animations-js-2.3.2.tgz",
      "integrity": "sha512-TOMFWtQdxzjWp8qx4DAraTWTsdhxVSiWa6NkPFSaPtZ1diKUxTn4yTix73A1euG1WbSOMMPcY51cnjTIHrGtDA=="
    },
    "xrray": {
      "version": "4.0.4",
      "resolved": "https://registry.npmjs.org/xrray/-/xrray-4.0.4.tgz",
      "integrity": "sha512-eRYYQnrsqE98aSEup5lCn9H0h+8CoQROIg8/mxLNCkiffdJnh/f0mI4SuvqTX6IXWzJ6x6ksqx+2xpydSrezuQ=="
    }
  }
}
