{
  "name": "edom",
  "version": "1.0.1",
  "lockfileVersion": 1,
  "requires": true,
  "dependencies": {
    "@types/node": {
      "version": "12.6.9",
      "resolved": "https://registry.npmjs.org/@types/node/-/node-12.6.9.tgz",
      "integrity": "sha512-+YB9FtyxXGyD54p8rXwWaN1EWEyar5L58GlGWgtH2I9rGmLGBQcw63+0jw+ujqVavNuO47S1ByAjm9zdHMnskw=="
    },
    "typescript": {
      "version": "3.5.3",
      "resolved": "https://registry.npmjs.org/typescript/-/typescript-3.5.3.tgz",
      "integrity": "sha512-ACzBtm/PhXBDId6a6sDJfroT2pOWt/oOnk4/dElG5G33ZL776N3Y6/6bKZJBFpd+b05F3Ct9qDjMeJmRWtE2/g==",
      "dev": true
    },
    "xrray": {
      "version": "3.0.4",
      "resolved": "https://registry.npmjs.org/xrray/-/xrray-3.0.4.tgz",
      "integrity": "sha512-FR3Vy1xkbv/cBykqU3e7rEtogOPCN+MEdq7uR+gic49SlAM9l+m9rI29acHgQnekhtBL29l/CBiIBE+xoBLl6g=="
    }
  }
}
