{
  "name": "extended-dom",
  "version": "1.1.2",
  "lockfileVersion": 1,
  "requires": true,
  "dependencies": {
    "@types/node": {
      "version": "12.6.9",
      "resolved": "https://registry.npmjs.org/@types/node/-/node-12.6.9.tgz",
      "integrity": "sha512-+YB9FtyxXGyD54p8rXwWaN1EWEyar5L58GlGWgtH2I9rGmLGBQcw63+0jw+ujqVavNuO47S1ByAjm9zdHMnskw==",
      "dev": true
    },
    "typescript": {
      "version": "3.5.3",
      "resolved": "https://registry.npmjs.org/typescript/-/typescript-3.5.3.tgz",
      "integrity": "sha512-ACzBtm/PhXBDId6a6sDJfroT2pOWt/oOnk4/dElG5G33ZL776N3Y6/6bKZJBFpd+b05F3Ct9qDjMeJmRWtE2/g==",
      "dev": true
    },
    "xrray": {
      "version": "3.0.8",
      "resolved": "https://registry.npmjs.org/xrray/-/xrray-3.0.8.tgz",
      "integrity": "sha512-k5VycfgnMmNW2srbSVyu1fEF0W/8jnOUU74e2u2TM6PdYWcAwCUDyWIBznzrm/Vj2fWYSm251e6uPwHW0fu+Vg=="
    }
  }
}
